
Microsoft Visual Studio Solution File, Format Version 12.00
# Visual Studio Version 17
VisualStudioVersion = 17.0.31903.59
MinimumVisualStudioVersion = 10.0.40219.1
Project("{FAE04EC0-301F-11D3-BF4B-00C04F79EFBC}") = "API", "API\API.csproj", "{AE61A1C9-1D67-4A1B-9AEE-627E662704AC}"
EndProject
Project("{FAE04EC0-301F-11D3-BF4B-00C04F79EFBC}") = "Infrastructure", "Infrastructure\Infrastructure.csproj", "{12167EDB-2480-4B98-8D33-03CDD9890ED7}"
EndProject
Project("{FAE04EC0-301F-11D3-BF4B-00C04F79EFBC}") = "CoreData", "CoreData\CoreData.csproj", "{3D5ADFE3-F224-416E-96B1-1105C8974FBC}"
EndProject
Global
	GlobalSection(SolutionConfigurationPlatforms) = preSolution
		Debug|Any CPU = Debug|Any CPU
		Release|Any CPU = Release|Any CPU
	EndGlobalSection
	GlobalSection(SolutionProperties) = preSolution
		HideSolutionNode = FALSE
	EndGlobalSection
	GlobalSection(ProjectConfigurationPlatforms) = postSolution
		{AE61A1C9-1D67-4A1B-9AEE-627E662704AC}.Debug|Any CPU.ActiveCfg = Debug|Any CPU
		{AE61A1C9-1D67-4A1B-9AEE-627E662704AC}.Debug|Any CPU.Build.0 = Debug|Any CPU
		{AE61A1C9-1D67-4A1B-9AEE-627E662704AC}.Release|Any CPU.ActiveCfg = Release|Any CPU
		{AE61A1C9-1D67-4A1B-9AEE-627E662704AC}.Release|Any CPU.Build.0 = Release|Any CPU
		{0D2BAA4A-8648-4262-B9BF-4EE9A3D4EA75}.Debug|Any CPU.ActiveCfg = Debug|Any CPU
		{0D2BAA4A-8648-4262-B9BF-4EE9A3D4EA75}.Debug|Any CPU.Build.0 = Debug|Any CPU
		{0D2BAA4A-8648-4262-B9BF-4EE9A3D4EA75}.Release|Any CPU.ActiveCfg = Release|Any CPU
		{0D2BAA4A-8648-4262-B9BF-4EE9A3D4EA75}.Release|Any CPU.Build.0 = Release|Any CPU
		{12167EDB-2480-4B98-8D33-03CDD9890ED7}.Debug|Any CPU.ActiveCfg = Debug|Any CPU
		{12167EDB-2480-4B98-8D33-03CDD9890ED7}.Debug|Any CPU.Build.0 = Debug|Any CPU
		{12167EDB-2480-4B98-8D33-03CDD9890ED7}.Release|Any CPU.ActiveCfg = Release|Any CPU
		{12167EDB-2480-4B98-8D33-03CDD9890ED7}.Release|Any CPU.Build.0 = Release|Any CPU
		{3D5ADFE3-F224-416E-96B1-1105C8974FBC}.Debug|Any CPU.ActiveCfg = Debug|Any CPU
		{3D5ADFE3-F224-416E-96B1-1105C8974FBC}.Debug|Any CPU.Build.0 = Debug|Any CPU
		{3D5ADFE3-F224-416E-96B1-1105C8974FBC}.Release|Any CPU.ActiveCfg = Release|Any CPU
		{3D5ADFE3-F224-416E-96B1-1105C8974FBC}.Release|Any CPU.Build.0 = Release|Any CPU
	EndGlobalSection
EndGlobal
